<?xml version="1.0" encoding="utf-8"?>
<Project ToolsVersion="4.0" xmlns="http://schemas.microsoft.com/developer/msbuild/2003">
  <ItemGroup>
    <Filter Include="99.Default">
      <UniqueIdentifier>{d1994ad6-a9a3-4084-bb51-c1cc181b1b2e}</UniqueIdentifier>
    </Filter>
    <Filter Include="00.Project">
      <UniqueIdentifier>{6120be43-6235-41be-9560-4c14e5bd464d}</UniqueIdentifier>
    </Filter>
    <Filter Include="98.Include">
      <UniqueIdentifier>{f65f0ba6-8a99-4e3c-9416-ea97c82a0fb9}</UniqueIdentifier>
    </Filter>
    <Filter Include="01.MainApp">
      <UniqueIdentifier>{c742fa12-3268-4fcf-8a14-020f04161ddd}</UniqueIdentifier>
    </Filter>
    <Filter Include="97.Utility">
      <UniqueIdentifier>{c69220bd-1dec-4815-be24-6ad4e489b0e3}</UniqueIdentifier>
    </Filter>
    <Filter Include="96.Resource">
      <UniqueIdentifier>{44145064-df76-4fcf-88e9-f7da2fc5f0d6}</UniqueIdentifier>
    </Filter>
    <Filter Include="95.Manager">
      <UniqueIdentifier>{7596ec09-b64e-4a20-a511-2a1b8c0689f5}</UniqueIdentifier>
    </Filter>
    <Filter Include="97.Utility\00.GraphicDevice">
      <UniqueIdentifier>{3cff37f4-fab5-47ee-9a52-2300078cc942}</UniqueIdentifier>
    </Filter>
    <Filter Include="95.Manager\00.TimeMgr">
      <UniqueIdentifier>{cfb3eba8-cb68-40ac-8025-c66e27497e10}</UniqueIdentifier>
    </Filter>
    <Filter Include="95.Manager\01.InputMgr">
      <UniqueIdentifier>{58fb71b1-f475-4b04-93df-f218eef5a6fe}</UniqueIdentifier>
    </Filter>
    <Filter Include="95.Manager\02.SceneMgr">
      <UniqueIdentifier>{0fc24512-95e3-4c1a-b599-be9270061f36}</UniqueIdentifier>
    </Filter>
    <Filter Include="95.Manager\02.SceneMgr\00.Renderer">
      <UniqueIdentifier>{21a1e434-2cc6-410b-bbca-94f6cbc5d890}</UniqueIdentifier>
    </Filter>
    <Filter Include="02.Scene">
      <UniqueIdentifier>{48a7412d-f1f0-4078-ae81-81ffe65239c6}</UniqueIdentifier>
    </Filter>
    <Filter Include="97.Utility\01.Layer">
      <UniqueIdentifier>{7f996ebc-2f2c-4fd8-b7b0-81f3c4b17c11}</UniqueIdentifier>
    </Filter>
    <Filter Include="03.Object">
      <UniqueIdentifier>{c8350b25-f7fa-4c9e-9d5f-6e5d2ee0563f}</UniqueIdentifier>
    </Filter>
    <Filter Include="95.Manager\03.ResourceMgr">
      <UniqueIdentifier>{03e8b955-1f0f-4dcb-aba1-b20acd5289f5}</UniqueIdentifier>
    </Filter>
    <Filter Include="95.Manager\04.ObjMgr">
      <UniqueIdentifier>{7649de6f-a69f-49c4-a132-07289460c0e0}</UniqueIdentifier>
    </Filter>
    <Filter Include="97.Utility\02.Component">
      <UniqueIdentifier>{63c0d87c-c856-452b-888a-a0946e9cb898}</UniqueIdentifier>
    </Filter>
    <Filter Include="02.Scene\00.Logo">
      <UniqueIdentifier>{4566046b-6397-4ed7-8883-46150ae749a6}</UniqueIdentifier>
    </Filter>
    <Filter Include="02.Scene\02.Stage">
      <UniqueIdentifier>{26a91afd-b42e-42ab-a9fb-a60383a77cf7}</UniqueIdentifier>
    </Filter>
    <Filter Include="02.Scene\99.SceneSelector">
      <UniqueIdentifier>{3bcfcbe7-af37-4610-b2dd-f349646a95a0}</UniqueIdentifier>
    </Filter>
    <Filter Include="96.Resource\00.Buffer">
      <UniqueIdentifier>{971e9da5-bfd7-44ca-b4bd-900513ecf295}</UniqueIdentifier>
    </Filter>
    <Filter Include="96.Resource\01.Texture">
      <UniqueIdentifier>{b4f22274-4e59-4aa2-8551-fb5deabda328}</UniqueIdentifier>
    </Filter>
    <Filter Include="97.Utility\02.Component\00.Transform">
      <UniqueIdentifier>{924c986e-5b64-460e-9b6c-31eced3ad879}</UniqueIdentifier>
    </Filter>
    <Filter Include="03.Object\00.LogoObj">
      <UniqueIdentifier>{86cc8403-4b12-42fa-85f0-4c4bb1f5ce55}</UniqueIdentifier>
    </Filter>
    <Filter Include="96.Resource\00.Buffer\00.TerrainCol">
      <UniqueIdentifier>{3b330223-cb8b-4dc3-91c8-23b6168dd593}</UniqueIdentifier>
    </Filter>
    <Filter Include="95.Manager\05.LightMgr">
      <UniqueIdentifier>{a8e32032-2e1e-4fdf-9a14-19aa6cc5e1bb}</UniqueIdentifier>
    </Filter>
    <Filter Include="95.Manager\05.LightMgr\00.Light">
      <UniqueIdentifier>{ccfe0a8d-25e8-4a7b-ac80-3b4a388d8254}</UniqueIdentifier>
    </Filter>
    <Filter Include="96.Resource\00.Buffer\01.UIBuffer">
      <UniqueIdentifier>{8bbfed63-3f76-46b0-9159-56508ce76747}</UniqueIdentifier>
    </Filter>
    <Filter Include="97.Utility\03.FbxParser">
      <UniqueIdentifier>{333d6c19-1203-4369-b6d8-f0b46e1ad44a}</UniqueIdentifier>
    </Filter>
    <Filter Include="96.Resource\02.Mesh">
      <UniqueIdentifier>{a8719ec6-53c0-4447-80df-78120c06e5c4}</UniqueIdentifier>
    </Filter>
    <Filter Include="96.Resource\02.Mesh\00.StaticMesh">
      <UniqueIdentifier>{6bc2237a-53d4-4331-9016-2bb7cc59e5cf}</UniqueIdentifier>
    </Filter>
    <Filter Include="96.Resource\03.Shader">
      <UniqueIdentifier>{d6e4f0fb-ba82-4c46-84db-8f6f6fe62ede}</UniqueIdentifier>
    </Filter>
    <Filter Include="96.Resource\03.Shader\99.ShaderFile">
      <UniqueIdentifier>{2294ef2d-eb9a-4fad-9df8-76156afbb0ee}</UniqueIdentifier>
    </Filter>
    <Filter Include="96.Resource\03.Shader\00.TerrainShader">
      <UniqueIdentifier>{f51f06e4-8098-47c2-af51-cd9d26972754}</UniqueIdentifier>
    </Filter>
    <Filter Include="96.Resource\03.Shader\01.TextureShader">
      <UniqueIdentifier>{77d39075-262e-4aab-8283-2758a791fd5e}</UniqueIdentifier>
    </Filter>
    <Filter Include="96.Resource\03.Shader\02.StaticMeshShader">
      <UniqueIdentifier>{a29b9ee7-b913-4248-8190-ceaa3f9fa00e}</UniqueIdentifier>
    </Filter>
    <Filter Include="96.Resource\02.Mesh\01.DynamicMesh">
      <UniqueIdentifier>{10540c48-bc85-4bd9-b1a4-a276d3a3bc44}</UniqueIdentifier>
    </Filter>
    <Filter Include="96.Resource\00.Buffer\02.AniBuffer">
      <UniqueIdentifier>{f4c224e0-207a-4fb5-ba80-286456264815}</UniqueIdentifier>
    </Filter>
    <Filter Include="96.Resource\03.Shader\03.DynamicMeshShader">
      <UniqueIdentifier>{6c2ed834-59a2-4dfb-b71b-f7bf617889db}</UniqueIdentifier>
    </Filter>
    <Filter Include="96.Resource\00.Buffer\03.SkyBoxBuffer">
      <UniqueIdentifier>{41466200-176b-4826-93ab-d48b4f90527e}</UniqueIdentifier>
    </Filter>
    <Filter Include="96.Resource\03.Shader\04.SkyBoxShader">
      <UniqueIdentifier>{184e9dc1-cd1d-4266-88b7-dec4c4a1fe8c}</UniqueIdentifier>
    </Filter>
    <Filter Include="96.Resource\04.FontWapper">
      <UniqueIdentifier>{b3b78ab8-94b1-4dcf-98b7-43f67b735917}</UniqueIdentifier>
    </Filter>
    <Filter Include="96.Resource\03.Shader\05.FontShader">
      <UniqueIdentifier>{503033c5-aab9-40de-8c28-4d68d7b78f54}</UniqueIdentifier>
    </Filter>
    <Filter Include="96.Resource\00.Buffer\04.PlaneBuffer">
      <UniqueIdentifier>{f8baad65-0a49-40bc-b7c1-830c3b755cab}</UniqueIdentifier>
    </Filter>
    <Filter Include="96.Resource\00.Buffer\05.LineBuffer">
      <UniqueIdentifier>{7671eca8-97c1-4d6f-8470-4b3a4b05efcf}</UniqueIdentifier>
    </Filter>
    <Filter Include="96.Resource\03.Shader\06.LineShader">
      <UniqueIdentifier>{af6ab2b0-6821-4565-86cf-f6d3cb991054}</UniqueIdentifier>
    </Filter>
    <Filter Include="95.Manager\07.RenderTargetMgr">
      <UniqueIdentifier>{62be7d0a-1206-4ef9-ae6f-d7f63434710a}</UniqueIdentifier>
    </Filter>
    <Filter Include="95.Manager\07.RenderTargetMgr\00.RenderTarget">
      <UniqueIdentifier>{bad24f4d-f97d-4695-9413-03bf69a01376}</UniqueIdentifier>
    </Filter>
    <Filter Include="96.Resource\00.Buffer\06.RenderTex">
      <UniqueIdentifier>{11e7350f-f692-49f8-85df-cba8669d944e}</UniqueIdentifier>
    </Filter>
    <Filter Include="96.Resource\00.Buffer\07.CubeColor">
      <UniqueIdentifier>{fab12787-751c-4e72-b16b-a5fccbc64c23}</UniqueIdentifier>
    </Filter>
    <Filter Include="95.Manager\08.CollisionMgr">
      <UniqueIdentifier>{3de6c8ff-0188-4885-8789-915ca18fd01c}</UniqueIdentifier>
    </Filter>
    <Filter Include="96.Resource\03.Shader\07.BlendShader">
      <UniqueIdentifier>{6e4cf98e-c0f4-42dc-9b4e-b6deb8494dd6}</UniqueIdentifier>
    </Filter>
    <Filter Include="95.Manager\06.NeviMgr">
      <UniqueIdentifier>{2f11a076-9281-4e78-b2ec-4a65fe143f25}</UniqueIdentifier>
    </Filter>
    <Filter Include="95.Manager\06.NeviMgr\00.Cell">
      <UniqueIdentifier>{7448b028-93c4-48d3-839e-046f502580f6}</UniqueIdentifier>
    </Filter>
    <Filter Include="95.Manager\06.NeviMgr\00.Cell\00.Line">
      <UniqueIdentifier>{5c21c840-6b86-476c-b386-426c0f28588e}</UniqueIdentifier>
    </Filter>
    <Filter Include="96.Resource\03.Shader\08.DeferredShader">
      <UniqueIdentifier>{e76fd74b-8506-4572-85f3-4e7a94c7c2e9}</UniqueIdentifier>
    </Filter>
    <Filter Include="96.Resource\03.Shader\09.DefaultShader">
      <UniqueIdentifier>{5a9ac42d-6be5-486c-ae64-16fb0ece9918}</UniqueIdentifier>
    </Filter>
    <Filter Include="02.Scene\98.Loading">
      <UniqueIdentifier>{c8ac2b94-3db6-411e-b2d6-e46c767629b6}</UniqueIdentifier>
    </Filter>
    <Filter Include="03.Object\00.LogoObj\00.LogoBack">
      <UniqueIdentifier>{e53d138e-9856-4810-a897-2a4d1a038490}</UniqueIdentifier>
    </Filter>
    <Filter Include="96.Resource\03.Shader\10.LogoBackShader">
      <UniqueIdentifier>{71e29c3c-474e-49b3-8f00-07f29b45623b}</UniqueIdentifier>
    </Filter>
    <Filter Include="96.Resource\00.Buffer\08.LogoBuffer">
      <UniqueIdentifier>{2710bce4-d317-4d36-a9fe-64933c78e6b9}</UniqueIdentifier>
    </Filter>
    <Filter Include="03.Object\00.LogoObj\01.LogoTitle">
      <UniqueIdentifier>{0c9f17e5-c5ed-498d-87b7-69ae163d2047}</UniqueIdentifier>
    </Filter>
    <Filter Include="96.Resource\03.Shader\11.DirLightShader">
      <UniqueIdentifier>{ab05354f-d85c-4352-a790-c7e20925208e}</UniqueIdentifier>
    </Filter>
    <Filter Include="97.Utility\04.Frustum">
      <UniqueIdentifier>{3314a257-34a7-4d27-bb22-5223a26949a0}</UniqueIdentifier>
    </Filter>
    <Filter Include="96.Resource\03.Shader\12.PointLightShader">
      <UniqueIdentifier>{ba34379d-6174-42ea-878f-f2921c022dbc}</UniqueIdentifier>
    </Filter>
    <Filter Include="96.Resource\00.Buffer\09.WaterBuffer">
      <UniqueIdentifier>{d5502eaf-700b-4d69-822c-c7958323dbbd}</UniqueIdentifier>
    </Filter>
    <Filter Include="96.Resource\03.Shader\13.DepthShader">
      <UniqueIdentifier>{aba6a8ee-8020-4f97-ad05-3f25f31c1265}</UniqueIdentifier>
    </Filter>
    <Filter Include="02.Scene\01.Custom">
      <UniqueIdentifier>{6e55423c-a3be-499d-be3a-453a2cc870dc}</UniqueIdentifier>
    </Filter>
    <Filter Include="03.Object\02.LandObj">
      <UniqueIdentifier>{695edbc4-334a-4e86-9573-629ad0d15125}</UniqueIdentifier>
    </Filter>
    <Filter Include="03.Object\02.LandObj\00.Terrain">
      <UniqueIdentifier>{38295bdc-91f6-40ff-b9fc-276ee3989f5c}</UniqueIdentifier>
    </Filter>
    <Filter Include="03.Object\02.LandObj\01.Player">
      <UniqueIdentifier>{d382779e-bc9f-4751-98ae-2ac0d46b031a}</UniqueIdentifier>
    </Filter>
    <Filter Include="03.Object\02.LandObj\02.SkyBox">
      <UniqueIdentifier>{1240c041-d4ab-4bfa-a540-6be946a162ba}</UniqueIdentifier>
    </Filter>
    <Filter Include="03.Object\02.LandObj\03.MeshMap">
      <UniqueIdentifier>{405257eb-4b5e-4bf7-b399-8b35bca66365}</UniqueIdentifier>
    </Filter>
    <Filter Include="03.Object\02.LandObj\04.Bot">
      <UniqueIdentifier>{f57f5dd9-0e94-4360-a4ae-d6b5a75fb6fb}</UniqueIdentifier>
    </Filter>
    <Filter Include="03.Object\02.LandObj\05.Enemy">
      <UniqueIdentifier>{392755af-82c1-4838-897a-9bad7c63a8c5}</UniqueIdentifier>
    </Filter>
    <Filter Include="03.Object\02.LandObj\99.TestWeapon">
      <UniqueIdentifier>{a5f4858d-41a6-4cba-9c77-fc283f0e55d1}</UniqueIdentifier>
    </Filter>
    <Filter Include="03.Object\02.LandObj\06.Bead">
      <UniqueIdentifier>{8ee415e3-dbf1-46bb-881b-c9546553dac3}</UniqueIdentifier>
    </Filter>
    <Filter Include="03.Object\02.LandObj\07.Water">
      <UniqueIdentifier>{92d57b3c-ab02-4ded-955d-c1eec8055efc}</UniqueIdentifier>
    </Filter>
    <Filter Include="03.Object\03.Camera">
      <UniqueIdentifier>{1134d866-f980-4dca-96a3-8807f3b6d15e}</UniqueIdentifier>
    </Filter>
    <Filter Include="03.Object\03.Camera\00.DynamicCam">
      <UniqueIdentifier>{1c867741-13e0-4491-b18e-9e46f79dee72}</UniqueIdentifier>
    </Filter>
    <Filter Include="03.Object\04.UI">
      <UniqueIdentifier>{1e487222-8d47-447f-91c4-0fe96656386f}</UniqueIdentifier>
    </Filter>
    <Filter Include="03.Object\04.UI\00.LogoUI">
      <UniqueIdentifier>{50b3784d-ad5a-47f3-b6e8-dc2c9e4f4cb2}</UniqueIdentifier>
    </Filter>
    <Filter Include="03.Object\04.UI\00.LogoUI\00.LoginButton">
      <UniqueIdentifier>{a3ea051d-5c49-42c2-a541-34f93e60c4c1}</UniqueIdentifier>
    </Filter>
    <Filter Include="03.Object\04.UI\01.StageUI">
      <UniqueIdentifier>{8e756992-a736-410b-b0a4-3dc222504932}</UniqueIdentifier>
    </Filter>
    <Filter Include="03.Object\04.UI\01.StageUI\01.Button">
      <UniqueIdentifier>{af86a2f0-7252-4773-bf32-74b8492bb0ba}</UniqueIdentifier>
    </Filter>
    <Filter Include="03.Object\04.UI\01.StageUI\02.BillBoard">
      <UniqueIdentifier>{12979451-babb-44ec-822d-d82d883c869b}</UniqueIdentifier>
    </Filter>
    <Filter Include="03.Object\04.UI\01.StageUI\03.StageUIFrame">
      <UniqueIdentifier>{617716bf-ca8f-4145-a985-c9607566819f}</UniqueIdentifier>
    </Filter>
    <Filter Include="03.Object\04.UI\01.StageUI\04.KillLog">
      <UniqueIdentifier>{64936363-5420-4848-a3ca-675f04703ce4}</UniqueIdentifier>
    </Filter>
    <Filter Include="03.Object\01.CustomObj">
      <UniqueIdentifier>{1a05eb47-ceba-421c-a593-74217d067f8e}</UniqueIdentifier>
    </Filter>
    <Filter Include="03.Object\01.CustomObj\00.CustomBack">
      <UniqueIdentifier>{d6fea07f-d9a1-490f-960f-3767008f2f26}</UniqueIdentifier>
    </Filter>
    <Filter Include="03.Object\01.CustomObj\01.CustomButton">
      <UniqueIdentifier>{061f631d-74ef-4292-a74f-59e8f7db77eb}</UniqueIdentifier>
    </Filter>
    <Filter Include="96.Resource\03.Shader\14.WaterShader">
      <UniqueIdentifier>{bad0a595-7c26-4b40-8fcc-1d7d995494f4}</UniqueIdentifier>
    </Filter>
    <Filter Include="03.Object\04.UI\01.StageUI\00.Status">
      <UniqueIdentifier>{b29f7c92-233b-4586-acf6-0214b5d64da6}</UniqueIdentifier>
    </Filter>
    <Filter Include="00.Server">
      <UniqueIdentifier>{b2d3a65d-6d23-4e18-b203-11553e75321c}</UniqueIdentifier>
    </Filter>
    <Filter Include="00.Server\00.ServerMgr">
      <UniqueIdentifier>{091f0517-7145-4c60-b423-e9a23e4ce296}</UniqueIdentifier>
    </Filter>
    <Filter Include="00.Server\01.Protocol">
      <UniqueIdentifier>{52900d87-a2c0-45ee-8198-8f35f557c041}</UniqueIdentifier>
    </Filter>
    <Filter Include="00.Server\99.Headers">
      <UniqueIdentifier>{e0778be0-b231-42bf-8033-fc51900e706d}</UniqueIdentifier>
    </Filter>
    <Filter Include="96.Resource\00.Buffer\10.FountainBuffer">
      <UniqueIdentifier>{132045eb-44cc-4a87-aeb2-f37390a3bdef}</UniqueIdentifier>
    </Filter>
    <Filter Include="03.Object\02.LandObj\07.Water\00.Stream">
      <UniqueIdentifier>{bd52b6b5-25ce-4060-a12a-4844de767835}</UniqueIdentifier>
    </Filter>
    <Filter Include="03.Object\02.LandObj\07.Water\01.Fountain">
      <UniqueIdentifier>{943008bf-e501-43a8-8eb6-a11ba516678c}</UniqueIdentifier>
    </Filter>
  </ItemGroup>
  <ItemGroup>
    <ClInclude Include="Resource.h">
      <Filter>99.Default</Filter>
    </ClInclude>
    <ClInclude Include="targetver.h">
      <Filter>99.Default</Filter>
    </ClInclude>
    <ClInclude Include="CLONE_client.h">
      <Filter>00.Project</Filter>
    </ClInclude>
    <ClInclude Include="..\Headers\Enum.h">
      <Filter>98.Include</Filter>
    </ClInclude>
    <ClInclude Include="..\Headers\Function.h">
      <Filter>98.Include</Filter>
    </ClInclude>
    <ClInclude Include="..\Headers\Functor.h">
      <Filter>98.Include</Filter>
    </ClInclude>
    <ClInclude Include="..\Headers\Include.h">
      <Filter>98.Include</Filter>
    </ClInclude>
    <ClInclude Include="..\Headers\Macro.h">
      <Filter>98.Include</Filter>
    </ClInclude>
    <ClInclude Include="..\Headers\Struct.h">
      <Filter>98.Include</Filter>
    </ClInclude>
    <ClInclude Include="..\Headers\Value.h">
      <Filter>98.Include</Filter>
    </ClInclude>
    <ClInclude Include="..\Code\MainApp.h">
      <Filter>01.MainApp</Filter>
    </ClInclude>
    <ClInclude Include="..\Code\GraphicDevice.h">
      <Filter>97.Utility\00.GraphicDevice</Filter>
    </ClInclude>
    <ClInclude Include="..\Code\TimeMgr.h">
      <Filter>95.Manager\00.TimeMgr</Filter>
    </ClInclude>
    <ClInclude Include="..\Code\InputMgr.h">
      <Filter>95.Manager\01.InputMgr</Filter>
    </ClInclude>
    <ClInclude Include="..\Headers\Define.h">
      <Filter>98.Include</Filter>
    </ClInclude>
    <ClInclude Include="..\Code\SceneMgr.h">
      <Filter>95.Manager\02.SceneMgr</Filter>
    </ClInclude>
    <ClInclude Include="..\Code\Renderer.h">
      <Filter>95.Manager\02.SceneMgr\00.Renderer</Filter>
    </ClInclude>
    <ClInclude Include="..\Code\Scene.h">
      <Filter>02.Scene</Filter>
    </ClInclude>
    <ClInclude Include="..\Code\Layer.h">
      <Filter>97.Utility\01.Layer</Filter>
    </ClInclude>
    <ClInclude Include="..\Code\Obj.h">
      <Filter>03.Object</Filter>
    </ClInclude>
    <ClInclude Include="..\Code\ResourceMgr.h">
      <Filter>95.Manager\03.ResourceMgr</Filter>
    </ClInclude>
    <ClInclude Include="..\Code\ObjMgr.h">
      <Filter>95.Manager\04.ObjMgr</Filter>
    </ClInclude>
    <ClInclude Include="..\Code\Component.h">
      <Filter>97.Utility\02.Component</Filter>
    </ClInclude>
    <ClInclude Include="..\Code\SceneSelector.h">
      <Filter>02.Scene\99.SceneSelector</Filter>
    </ClInclude>
    <ClInclude Include="..\Code\Resources.h">
      <Filter>96.Resource</Filter>
    </ClInclude>
    <ClInclude Include="..\Code\Transform.h">
      <Filter>97.Utility\02.Component\00.Transform</Filter>
    </ClInclude>
    <ClInclude Include="..\Code\Texture.h">
      <Filter>96.Resource\01.Texture</Filter>
    </ClInclude>
    <ClInclude Include="..\Code\VIBuffer.h">
      <Filter>96.Resource\00.Buffer</Filter>
    </ClInclude>
    <ClInclude Include="..\Code\DynamicCam.h">
      <Filter>03.Object\03.Camera\00.DynamicCam</Filter>
    </ClInclude>
    <ClInclude Include="..\Code\Camera.h">
      <Filter>03.Object\03.Camera</Filter>
    </ClInclude>
    <ClInclude Include="..\Code\Shader.h">
      <Filter>96.Resource\03.Shader</Filter>
    </ClInclude>
    <ClInclude Include="..\Code\Terrain.h">
      <Filter>03.Object\02.LandObj\00.Terrain</Filter>
    </ClInclude>
    <ClInclude Include="..\Code\TerrainCol.h">
      <Filter>96.Resource\00.Buffer\00.TerrainCol</Filter>
    </ClInclude>
    <ClInclude Include="..\Code\TerrainShader.h">
      <Filter>96.Resource\03.Shader\00.TerrainShader</Filter>
    </ClInclude>
    <ClInclude Include="..\Code\LightMgr.h">
      <Filter>95.Manager\05.LightMgr</Filter>
    </ClInclude>
    <ClInclude Include="..\Code\Light.h">
      <Filter>95.Manager\05.LightMgr\00.Light</Filter>
    </ClInclude>
    <ClInclude Include="..\Code\TextureShader.h">
      <Filter>96.Resource\03.Shader\01.TextureShader</Filter>
    </ClInclude>
    <ClInclude Include="..\Code\UI.h">
      <Filter>03.Object\04.UI</Filter>
    </ClInclude>
    <ClInclude Include="..\Code\UIBuffer.h">
      <Filter>96.Resource\00.Buffer\01.UIBuffer</Filter>
    </ClInclude>
    <ClInclude Include="..\Code\Player.h">
      <Filter>03.Object\02.LandObj\01.Player</Filter>
    </ClInclude>
    <ClInclude Include="..\Code\Mesh.h">
      <Filter>96.Resource\02.Mesh</Filter>
    </ClInclude>
    <ClInclude Include="..\Code\FbxParser.h">
      <Filter>97.Utility\03.FbxParser</Filter>
    </ClInclude>
    <ClInclude Include="..\Code\AniBuffer.h">
      <Filter>96.Resource\00.Buffer\02.AniBuffer</Filter>
    </ClInclude>
    <ClInclude Include="..\Code\DynamicMesh.h">
      <Filter>96.Resource\02.Mesh\01.DynamicMesh</Filter>
    </ClInclude>
    <ClInclude Include="..\Code\StaticMesh.h">
      <Filter>96.Resource\02.Mesh\00.StaticMesh</Filter>
    </ClInclude>
    <ClInclude Include="..\Code\DynamicMeshShader.h">
      <Filter>96.Resource\03.Shader\03.DynamicMeshShader</Filter>
    </ClInclude>
    <ClInclude Include="..\Code\StaticMeshShader.h">
      <Filter>96.Resource\03.Shader\02.StaticMeshShader</Filter>
    </ClInclude>
    <ClInclude Include="..\Code\SkyBoxBuffer.h">
      <Filter>96.Resource\00.Buffer\03.SkyBoxBuffer</Filter>
    </ClInclude>
    <ClInclude Include="..\Code\SkyBoxShader.h">
      <Filter>96.Resource\03.Shader\04.SkyBoxShader</Filter>
    </ClInclude>
    <ClInclude Include="..\Code\SkyBox.h">
      <Filter>03.Object\02.LandObj\02.SkyBox</Filter>
    </ClInclude>
    <ClInclude Include="..\Code\Font.h">
      <Filter>96.Resource\04.FontWapper</Filter>
    </ClInclude>
    <ClInclude Include="..\Code\FontShader.h">
      <Filter>96.Resource\03.Shader\05.FontShader</Filter>
    </ClInclude>
    <ClInclude Include="..\Code\Status.h">
      <Filter>03.Object\04.UI\01.StageUI\00.Status</Filter>
    </ClInclude>
    <ClInclude Include="..\Code\Button.h">
      <Filter>03.Object\04.UI\01.StageUI\01.Button</Filter>
    </ClInclude>
    <ClInclude Include="stdafx.h" />
    <ClInclude Include="..\Code\PlaneBuffer.h">
      <Filter>96.Resource\00.Buffer\04.PlaneBuffer</Filter>
    </ClInclude>
    <ClInclude Include="..\Code\MeshMap.h">
      <Filter>03.Object\02.LandObj\03.MeshMap</Filter>
    </ClInclude>
    <ClInclude Include="..\Code\NaviMgr.h">
      <Filter>95.Manager\06.NeviMgr</Filter>
    </ClInclude>
    <ClInclude Include="..\Code\NaviCell.h">
      <Filter>95.Manager\06.NeviMgr\00.Cell</Filter>
    </ClInclude>
    <ClInclude Include="..\Code\Line2D.h">
      <Filter>95.Manager\06.NeviMgr\00.Cell\00.Line</Filter>
    </ClInclude>
    <ClInclude Include="..\Code\LineBuffer.h">
      <Filter>96.Resource\00.Buffer\05.LineBuffer</Filter>
    </ClInclude>
    <ClInclude Include="..\Code\LineShader.h">
      <Filter>96.Resource\03.Shader\06.LineShader</Filter>
    </ClInclude>
    <ClInclude Include="..\Code\RenderTargetMgr.h">
      <Filter>95.Manager\07.RenderTargetMgr</Filter>
    </ClInclude>
    <ClInclude Include="..\Code\RenderTarget.h">
      <Filter>95.Manager\07.RenderTargetMgr\00.RenderTarget</Filter>
    </ClInclude>
    <ClInclude Include="..\Code\RenderTex.h">
      <Filter>96.Resource\00.Buffer\06.RenderTex</Filter>
    </ClInclude>
    <ClInclude Include="..\Code\DefaultShader.h">
      <Filter>96.Resource\03.Shader\09.DefaultShader</Filter>
    </ClInclude>
    <ClInclude Include="..\Code\CubeColor.h">
      <Filter>96.Resource\00.Buffer\07.CubeColor</Filter>
    </ClInclude>
    <ClInclude Include="..\Code\CollisionMgr.h">
      <Filter>95.Manager\08.CollisionMgr</Filter>
    </ClInclude>
    <ClInclude Include="..\Code\TestWeapon.h">
      <Filter>03.Object\02.LandObj\99.TestWeapon</Filter>
    </ClInclude>
    <ClInclude Include="..\Code\BlendShader.h">
      <Filter>96.Resource\03.Shader\07.BlendShader</Filter>
    </ClInclude>
    <ClInclude Include="..\Code\DeferredShader.h">
      <Filter>96.Resource\03.Shader\08.DeferredShader</Filter>
    </ClInclude>
    <ClInclude Include="..\Code\Stage.h">
      <Filter>02.Scene\02.Stage</Filter>
    </ClInclude>
    <ClInclude Include="..\Code\Loading.h">
      <Filter>02.Scene\98.Loading</Filter>
    </ClInclude>
    <ClInclude Include="..\Code\LogoBack.h">
      <Filter>03.Object\00.LogoObj\00.LogoBack</Filter>
    </ClInclude>
    <ClInclude Include="..\Code\LogoBackShader.h">
      <Filter>96.Resource\03.Shader\10.LogoBackShader</Filter>
    </ClInclude>
    <ClInclude Include="..\Code\LogoBuffer.h">
      <Filter>96.Resource\00.Buffer\08.LogoBuffer</Filter>
    </ClInclude>
    <ClInclude Include="..\Code\Logo.h">
      <Filter>02.Scene\00.Logo</Filter>
    </ClInclude>
    <ClInclude Include="..\Code\LogoTitle.h">
      <Filter>03.Object\00.LogoObj\01.LogoTitle</Filter>
    </ClInclude>
    <ClInclude Include="..\Code\LoginButton.h">
      <Filter>03.Object\04.UI\00.LogoUI\00.LoginButton</Filter>
    </ClInclude>
    <ClInclude Include="..\Code\Bot.h">
      <Filter>03.Object\02.LandObj\04.Bot</Filter>
    </ClInclude>
    <ClInclude Include="..\Code\DirLightShader.h">
      <Filter>96.Resource\03.Shader\11.DirLightShader</Filter>
    </ClInclude>
    <ClInclude Include="..\Code\StageUIFrame.h">
      <Filter>03.Object\04.UI\01.StageUI\03.StageUIFrame</Filter>
    </ClInclude>
    <ClInclude Include="..\Code\Frustum.h">
      <Filter>97.Utility\04.Frustum</Filter>
    </ClInclude>
    <ClInclude Include="..\Code\Enemy.h">
      <Filter>03.Object\02.LandObj\05.Enemy</Filter>
    </ClInclude>
    <ClInclude Include="..\Code\Bead.h">
      <Filter>03.Object\02.LandObj\06.Bead</Filter>
    </ClInclude>
    <ClInclude Include="..\Code\KillLog.h">
      <Filter>03.Object\04.UI\01.StageUI\04.KillLog</Filter>
    </ClInclude>
    <ClInclude Include="..\Code\PointLightShader.h">
      <Filter>96.Resource\03.Shader\12.PointLightShader</Filter>
    </ClInclude>
    <ClInclude Include="..\Code\WaterBuffer.h">
      <Filter>96.Resource\00.Buffer\09.WaterBuffer</Filter>
    </ClInclude>
    <ClInclude Include="..\Code\DepthShader.h">
      <Filter>96.Resource\03.Shader\13.DepthShader</Filter>
    </ClInclude>
    <ClInclude Include="..\Code\DepthDynamicShader.h">
      <Filter>96.Resource\03.Shader\13.DepthShader</Filter>
    </ClInclude>
    <ClInclude Include="..\Code\Custom.h">
      <Filter>02.Scene\01.Custom</Filter>
    </ClInclude>
    <ClInclude Include="..\Code\CustomBack.h">
      <Filter>03.Object\01.CustomObj\00.CustomBack</Filter>
    </ClInclude>
    <ClInclude Include="..\Code\CustomButton.h">
      <Filter>03.Object\01.CustomObj\01.CustomButton</Filter>
    </ClInclude>
    <ClInclude Include="..\Code\WaterShader.h">
      <Filter>96.Resource\03.Shader\14.WaterShader</Filter>
    </ClInclude>
    <ClInclude Include="..\Code\AllianceTag.h">
      <Filter>03.Object\04.UI\01.StageUI\02.BillBoard</Filter>
    </ClInclude>
    <ClInclude Include="..\Code\ServerMgr.h">
      <Filter>00.Server\00.ServerMgr</Filter>
    </ClInclude>
    <ClInclude Include="..\Code\Protocol.h">
      <Filter>00.Server\01.Protocol</Filter>
    </ClInclude>
    <ClInclude Include="..\Code\ServerEnum.h">
      <Filter>00.Server\99.Headers</Filter>
    </ClInclude>
    <ClInclude Include="..\Code\ServerExtern.h">
      <Filter>00.Server\99.Headers</Filter>
    </ClInclude>
    <ClInclude Include="..\Code\ServerInlcude.h">
      <Filter>00.Server\99.Headers</Filter>
    </ClInclude>
    <ClInclude Include="..\Code\ServerMacro.h">
      <Filter>00.Server\99.Headers</Filter>
    </ClInclude>
    <ClInclude Include="..\Code\ServerStruct.h">
      <Filter>00.Server\99.Headers</Filter>
    </ClInclude>
    <ClInclude Include="..\Code\FountainBuffer.h">
      <Filter>96.Resource\00.Buffer\10.FountainBuffer</Filter>
    </ClInclude>
    <ClInclude Include="..\Code\FountainWater.h">
      <Filter>03.Object\02.LandObj\07.Water\01.Fountain</Filter>
    </ClInclude>
    <ClInclude Include="..\Code\StreamWater.h">
      <Filter>03.Object\02.LandObj\07.Water\00.Stream</Filter>
    </ClInclude>
  </ItemGroup>
  <ItemGroup>
    <ClCompile Include="stdafx.cpp">
      <Filter>99.Default</Filter>
    </ClCompile>
    <ClCompile Include="CLONE_client.cpp">
      <Filter>00.Project</Filter>
    </ClCompile>
    <ClCompile Include="..\Code\MainApp.cpp">
      <Filter>01.MainApp</Filter>
    </ClCompile>
    <ClCompile Include="..\Code\GraphicDevice.cpp">
      <Filter>97.Utility\00.GraphicDevice</Filter>
    </ClCompile>
    <ClCompile Include="..\Code\TimeMgr.cpp">
      <Filter>95.Manager\00.TimeMgr</Filter>
    </ClCompile>
    <ClCompile Include="..\Code\InputMgr.cpp">
      <Filter>95.Manager\01.InputMgr</Filter>
    </ClCompile>
    <ClCompile Include="..\Code\SceneMgr.cpp">
      <Filter>95.Manager\02.SceneMgr</Filter>
    </ClCompile>
    <ClCompile Include="..\Code\Renderer.cpp">
      <Filter>95.Manager\02.SceneMgr\00.Renderer</Filter>
    </ClCompile>
    <ClCompile Include="..\Code\Scene.cpp">
      <Filter>02.Scene</Filter>
    </ClCompile>
    <ClCompile Include="..\Code\Layer.cpp">
      <Filter>97.Utility\01.Layer</Filter>
    </ClCompile>
    <ClCompile Include="..\Code\Obj.cpp">
      <Filter>03.Object</Filter>
    </ClCompile>
    <ClCompile Include="..\Code\ResourceMgr.cpp">
      <Filter>95.Manager\03.ResourceMgr</Filter>
    </ClCompile>
    <ClCompile Include="..\Code\ObjMgr.cpp">
      <Filter>95.Manager\04.ObjMgr</Filter>
    </ClCompile>
    <ClCompile Include="..\Code\Component.cpp">
      <Filter>97.Utility\02.Component</Filter>
    </ClCompile>
    <ClCompile Include="..\Code\Logo.cpp">
      <Filter>02.Scene\00.Logo</Filter>
    </ClCompile>
    <ClCompile Include="..\Code\Resources.cpp">
      <Filter>96.Resource</Filter>
    </ClCompile>
    <ClCompile Include="..\Code\Transform.cpp">
      <Filter>97.Utility\02.Component\00.Transform</Filter>
    </ClCompile>
    <ClCompile Include="..\Code\Texture.cpp">
      <Filter>96.Resource\01.Texture</Filter>
    </ClCompile>
    <ClCompile Include="..\Code\VIBuffer.cpp">
      <Filter>96.Resource\00.Buffer</Filter>
    </ClCompile>
    <ClCompile Include="..\Code\DynamicCam.cpp">
      <Filter>03.Object\03.Camera\00.DynamicCam</Filter>
    </ClCompile>
    <ClCompile Include="..\Code\Camera.cpp">
      <Filter>03.Object\03.Camera</Filter>
    </ClCompile>
    <ClCompile Include="..\Code\Shader.cpp">
      <Filter>96.Resource\03.Shader</Filter>
    </ClCompile>
    <ClCompile Include="..\Code\Terrain.cpp">
      <Filter>03.Object\02.LandObj\00.Terrain</Filter>
    </ClCompile>
    <ClCompile Include="..\Code\TerrainCol.cpp">
      <Filter>96.Resource\00.Buffer\00.TerrainCol</Filter>
    </ClCompile>
    <ClCompile Include="..\Code\TerrainShader.cpp">
      <Filter>96.Resource\03.Shader\00.TerrainShader</Filter>
    </ClCompile>
    <ClCompile Include="..\Code\LightMgr.cpp">
      <Filter>95.Manager\05.LightMgr</Filter>
    </ClCompile>
    <ClCompile Include="..\Code\Light.cpp">
      <Filter>95.Manager\05.LightMgr\00.Light</Filter>
    </ClCompile>
    <ClCompile Include="..\Code\TextureShader.cpp">
      <Filter>96.Resource\03.Shader\01.TextureShader</Filter>
    </ClCompile>
    <ClCompile Include="..\Code\UI.cpp">
      <Filter>03.Object\04.UI</Filter>
    </ClCompile>
    <ClCompile Include="..\Code\UIBuffer.cpp">
      <Filter>96.Resource\00.Buffer\01.UIBuffer</Filter>
    </ClCompile>
    <ClCompile Include="..\Code\Player.cpp">
      <Filter>03.Object\02.LandObj\01.Player</Filter>
    </ClCompile>
    <ClCompile Include="..\Code\Mesh.cpp">
      <Filter>96.Resource\02.Mesh</Filter>
    </ClCompile>
    <ClCompile Include="..\Code\FbxParser.cpp">
      <Filter>97.Utility\03.FbxParser</Filter>
    </ClCompile>
    <ClCompile Include="..\Code\AniBuffer.cpp">
      <Filter>96.Resource\00.Buffer\02.AniBuffer</Filter>
    </ClCompile>
    <ClCompile Include="..\Code\DynamicMesh.cpp">
      <Filter>96.Resource\02.Mesh\01.DynamicMesh</Filter>
    </ClCompile>
    <ClCompile Include="..\Code\StaticMesh.cpp">
      <Filter>96.Resource\02.Mesh\00.StaticMesh</Filter>
    </ClCompile>
    <ClCompile Include="..\Code\DynamicMeshShader.cpp">
      <Filter>96.Resource\03.Shader\03.DynamicMeshShader</Filter>
    </ClCompile>
    <ClCompile Include="..\Code\StaticMeshShader.cpp">
      <Filter>96.Resource\03.Shader\02.StaticMeshShader</Filter>
    </ClCompile>
    <ClCompile Include="..\Code\SkyBoxBuffer.cpp">
      <Filter>96.Resource\00.Buffer\03.SkyBoxBuffer</Filter>
    </ClCompile>
    <ClCompile Include="..\Code\SkyBoxShader.cpp">
      <Filter>96.Resource\03.Shader\04.SkyBoxShader</Filter>
    </ClCompile>
    <ClCompile Include="..\Code\SkyBox.cpp">
      <Filter>03.Object\02.LandObj\02.SkyBox</Filter>
    </ClCompile>
    <ClCompile Include="..\Code\Font.cpp">
      <Filter>96.Resource\04.FontWapper</Filter>
    </ClCompile>
    <ClCompile Include="..\Code\FontShader.cpp">
      <Filter>96.Resource\03.Shader\05.FontShader</Filter>
    </ClCompile>
    <ClCompile Include="..\Code\Status.cpp">
      <Filter>03.Object\04.UI\01.StageUI\00.Status</Filter>
    </ClCompile>
    <ClCompile Include="..\Code\Button.cpp">
      <Filter>03.Object\04.UI\01.StageUI\01.Button</Filter>
    </ClCompile>
    <ClCompile Include="..\Code\PlaneBuffer.cpp">
      <Filter>96.Resource\00.Buffer\04.PlaneBuffer</Filter>
    </ClCompile>
    <ClCompile Include="..\Code\MeshMap.cpp">
      <Filter>03.Object\02.LandObj\03.MeshMap</Filter>
    </ClCompile>
    <ClCompile Include="..\Code\NaviMgr.cpp">
      <Filter>95.Manager\06.NeviMgr</Filter>
    </ClCompile>
    <ClCompile Include="..\Code\NaviCell.cpp">
      <Filter>95.Manager\06.NeviMgr\00.Cell</Filter>
    </ClCompile>
    <ClCompile Include="..\Code\Line2D.cpp">
      <Filter>95.Manager\06.NeviMgr\00.Cell\00.Line</Filter>
    </ClCompile>
    <ClCompile Include="..\Code\LineBuffer.cpp">
      <Filter>96.Resource\00.Buffer\05.LineBuffer</Filter>
    </ClCompile>
    <ClCompile Include="..\Code\LineShader.cpp">
      <Filter>96.Resource\03.Shader\06.LineShader</Filter>
    </ClCompile>
    <ClCompile Include="..\Code\RenderTargetMgr.cpp">
      <Filter>95.Manager\07.RenderTargetMgr</Filter>
    </ClCompile>
    <ClCompile Include="..\Code\RenderTarget.cpp">
      <Filter>95.Manager\07.RenderTargetMgr\00.RenderTarget</Filter>
    </ClCompile>
    <ClCompile Include="..\Code\RenderTex.cpp">
      <Filter>96.Resource\00.Buffer\06.RenderTex</Filter>
    </ClCompile>
    <ClCompile Include="..\Code\DefaultShader.cpp">
      <Filter>96.Resource\03.Shader\09.DefaultShader</Filter>
    </ClCompile>
    <ClCompile Include="..\Code\CubeColor.cpp">
      <Filter>96.Resource\00.Buffer\07.CubeColor</Filter>
    </ClCompile>
    <ClCompile Include="..\Code\CollisionMgr.cpp">
      <Filter>95.Manager\08.CollisionMgr</Filter>
    </ClCompile>
    <ClCompile Include="..\Code\TestWeapon.cpp">
      <Filter>03.Object\02.LandObj\99.TestWeapon</Filter>
    </ClCompile>
    <ClCompile Include="..\Code\BlendShader.cpp">
      <Filter>96.Resource\03.Shader\07.BlendShader</Filter>
    </ClCompile>
    <ClCompile Include="..\Code\DeferredShader.cpp">
      <Filter>96.Resource\03.Shader\08.DeferredShader</Filter>
    </ClCompile>
    <ClCompile Include="..\Code\Stage.cpp">
      <Filter>02.Scene\02.Stage</Filter>
    </ClCompile>
    <ClCompile Include="..\Code\Loading.cpp">
      <Filter>02.Scene\98.Loading</Filter>
    </ClCompile>
    <ClCompile Include="..\Code\LogoBack.cpp">
      <Filter>03.Object\00.LogoObj\00.LogoBack</Filter>
    </ClCompile>
    <ClCompile Include="..\Code\LogoBackShader.cpp">
      <Filter>96.Resource\03.Shader\10.LogoBackShader</Filter>
    </ClCompile>
    <ClCompile Include="..\Code\LogoBuffer.cpp">
      <Filter>96.Resource\00.Buffer\08.LogoBuffer</Filter>
    </ClCompile>
    <ClCompile Include="..\Code\LogoTitle.cpp">
      <Filter>03.Object\00.LogoObj\01.LogoTitle</Filter>
    </ClCompile>
    <ClCompile Include="..\Code\LoginButton.cpp">
      <Filter>03.Object\04.UI\00.LogoUI\00.LoginButton</Filter>
    </ClCompile>
    <ClCompile Include="..\Code\Bot.cpp">
      <Filter>03.Object\02.LandObj\04.Bot</Filter>
    </ClCompile>
    <ClCompile Include="..\Code\DirLightShader.cpp">
      <Filter>96.Resource\03.Shader\11.DirLightShader</Filter>
    </ClCompile>
    <ClCompile Include="..\Code\StageUIFrame.cpp">
      <Filter>03.Object\04.UI\01.StageUI\03.StageUIFrame</Filter>
    </ClCompile>
    <ClCompile Include="..\Code\Frustum.cpp">
      <Filter>97.Utility\04.Frustum</Filter>
    </ClCompile>
    <ClCompile Include="..\Code\Enemy.cpp">
      <Filter>03.Object\02.LandObj\05.Enemy</Filter>
    </ClCompile>
    <ClCompile Include="..\Code\Bead.cpp">
      <Filter>03.Object\02.LandObj\06.Bead</Filter>
    </ClCompile>
    <ClCompile Include="..\Code\KillLog.cpp">
      <Filter>03.Object\04.UI\01.StageUI\04.KillLog</Filter>
    </ClCompile>
    <ClCompile Include="..\Code\PointLightShader.cpp">
      <Filter>96.Resource\03.Shader\12.PointLightShader</Filter>
    </ClCompile>
    <ClCompile Include="..\Code\DepthShader.cpp">
      <Filter>96.Resource\03.Shader\13.DepthShader</Filter>
    </ClCompile>
    <ClCompile Include="..\Code\DepthDynamicShader.cpp">
      <Filter>96.Resource\03.Shader\13.DepthShader</Filter>
    </ClCompile>
    <ClCompile Include="..\Code\Custom.cpp">
      <Filter>02.Scene\01.Custom</Filter>
    </ClCompile>
    <ClCompile Include="..\Code\CustomBack.cpp">
      <Filter>03.Object\01.CustomObj\00.CustomBack</Filter>
    </ClCompile>
    <ClCompile Include="..\Code\CustomButton.cpp">
      <Filter>03.Object\01.CustomObj\01.CustomButton</Filter>
    </ClCompile>
    <ClCompile Include="..\Code\WaterShader.cpp">
      <Filter>96.Resource\03.Shader\14.WaterShader</Filter>
    </ClCompile>
    <ClCompile Include="..\Code\WaterBuffer.cpp">
      <Filter>96.Resource\00.Buffer\09.WaterBuffer</Filter>
    </ClCompile>
    <ClCompile Include="..\Code\AllianceTag.cpp">
      <Filter>03.Object\04.UI\01.StageUI\02.BillBoard</Filter>
    </ClCompile>
    <ClCompile Include="..\Code\ServerMgr.cpp">
      <Filter>00.Server\00.ServerMgr</Filter>
    </ClCompile>
    <ClCompile Include="..\Code\FountainBuffer.cpp">
      <Filter>96.Resource\00.Buffer\10.FountainBuffer</Filter>
    </ClCompile>
    <ClCompile Include="..\Code\FountainWater.cpp">
      <Filter>03.Object\02.LandObj\07.Water\01.Fountain</Filter>
    </ClCompile>
    <ClCompile Include="..\Code\StreamWater.cpp">
      <Filter>03.Object\02.LandObj\07.Water\00.Stream</Filter>
    </ClCompile>
  </ItemGroup>
  <ItemGroup>
    <Image Include="CLONE_client.ico">
      <Filter>99.Default</Filter>
    </Image>
    <Image Include="small.ico">
      <Filter>99.Default</Filter>
    </Image>
  </ItemGroup>
  <ItemGroup>
    <ResourceCompile Include="CLONE_client.rc">
      <Filter>99.Default</Filter>
    </ResourceCompile>
  </ItemGroup>
  <ItemGroup>
    <Text Include="ReadMe.txt">
      <Filter>99.Default</Filter>
    </Text>
    <Text Include="..\..\ProgressNote.txt" />
  </ItemGroup>
  <ItemGroup>
    <None Include="..\bin\Shader\LineShader.Shader">
      <Filter>96.Resource\03.Shader\99.ShaderFile</Filter>
    </None>
    <None Include="..\bin\Shader\SkyBoxShader.Shader">
      <Filter>96.Resource\03.Shader\99.ShaderFile</Filter>
    </None>
    <None Include="..\bin\Shader\StaticMeshShader.Shader">
      <Filter>96.Resource\03.Shader\99.ShaderFile</Filter>
    </None>
    <None Include="..\bin\Shader\TerrainShader.Shader">
      <Filter>96.Resource\03.Shader\99.ShaderFile</Filter>
    </None>
    <None Include="..\bin\Shader\TextureShader.Shader">
      <Filter>96.Resource\03.Shader\99.ShaderFile</Filter>
    </None>
    <None Include="..\bin\Shader\DynamicMeshShader.Shader">
      <Filter>96.Resource\03.Shader\99.ShaderFile</Filter>
    </None>
    <None Include="..\bin\Shader\FontShader.Shader">
      <Filter>96.Resource\03.Shader\99.ShaderFile</Filter>
    </None>
    <None Include="..\bin\Shader\DefaultShader.Shader">
      <Filter>96.Resource\03.Shader\99.ShaderFile</Filter>
    </None>
    <None Include="..\bin\Shader\BlendShader.Shader">
      <Filter>96.Resource\03.Shader\99.ShaderFile</Filter>
    </None>
    <None Include="..\bin\Shader\DeferredShader.Shader">
      <Filter>96.Resource\03.Shader\99.ShaderFile</Filter>
    </None>
    <None Include="..\bin\Shader\LogoBackShader.Shader">
      <Filter>96.Resource\03.Shader\99.ShaderFile</Filter>
    </None>
    <None Include="..\bin\Shader\DirLightShader.Shader">
      <Filter>96.Resource\03.Shader\99.ShaderFile</Filter>
    </None>
    <None Include="..\bin\Shader\PointLightShader.Shader">
      <Filter>96.Resource\03.Shader\99.ShaderFile</Filter>
    </None>
    <None Include="..\bin\Shader\DepthShader.Shader">
      <Filter>96.Resource\03.Shader\99.ShaderFile</Filter>
    </None>
    <None Include="..\bin\Shader\DepthDynamicShader.Shader">
      <Filter>96.Resource\03.Shader\99.ShaderFile</Filter>
    </None>
    <None Include="..\bin\Shader\WaterShader.Shader">
      <Filter>96.Resource\03.Shader\99.ShaderFile</Filter>
    </None>
  </ItemGroup>
</Project>